{
  "name": "@ashotofcode/morph",
  "version": "0.0.2",
  "lockfileVersion": 1,
  "requires": true,
  "dependencies": {
    "@polymer/lit-element": {
      "version": "0.6.1",
      "resolved": "https://registry.npmjs.org/@polymer/lit-element/-/lit-element-0.6.1.tgz",
      "integrity": "sha512-eselNs2lA4n1R1rSyPXW8XR3ISmbYVQcDtIMSINHVNZ56pCtCHOtgmaG8C4k0gONwikEMJTP9blNHD/gdYIxFA==",
      "requires": {
        "lit-html": "^0.11.4"
      }
    },
    "@popmotion/easing": {
      "version": "1.0.1",
      "resolved": "https://registry.npmjs.org/@popmotion/easing/-/easing-1.0.1.tgz",
      "integrity": "sha512-NbIEz9mZAem0F0sjg2v57LbU9Y2Xc50QEX434jYrwEQzXJuJipyUV48Qz4hjHqbB/8xiUj0JMQfRvP8K9nUbxg=="
    },
    "commander": {
      "version": "2.18.0",
      "resolved": "https://registry.npmjs.org/commander/-/commander-2.18.0.tgz",
      "integrity": "sha512-6CYPa+JP2ftfRU2qkDK+UTVeQYosOg/2GbcjIcKPHfinyOLPVGXu/ovN86RP49Re5ndJK1N0kuiidFFuepc4ZQ=="
    },
    "d3-array": {
      "version": "1.2.4",
      "resolved": "https://registry.npmjs.org/d3-array/-/d3-array-1.2.4.tgz",
      "integrity": "sha512-KHW6M86R+FUPYGb3R5XiYjXPq7VzwxZ22buHhAEVG5ztoEcZZMLov530mmccaqA1GghZArjQV46fuc8kUqhhHw=="
    },
    "d3-polygon": {
      "version": "1.0.5",
      "resolved": "https://registry.npmjs.org/d3-polygon/-/d3-polygon-1.0.5.tgz",
      "integrity": "sha512-RHhh1ZUJZfhgoqzWWuRhzQJvO7LavchhitSTHGu9oj6uuLFzYZVeBzaWTQ2qSO6bz2w55RMoOCf0MsLCDB6e0w=="
    },
    "earcut": {
      "version": "2.1.3",
      "resolved": "https://registry.npmjs.org/earcut/-/earcut-2.1.3.tgz",
      "integrity": "sha512-AxdCdWUk1zzK/NuZ7e1ljj6IGC+VAdC3Qb7QQDsXpfNrc5IM8tL9nNXUmEGE6jRHTfZ10zhzRhtDmWVsR5pd3A=="
    },
    "flubber": {
      "version": "0.4.2",
      "resolved": "https://registry.npmjs.org/flubber/-/flubber-0.4.2.tgz",
      "integrity": "sha512-79RkJe3rA4nvRCVc2uXjj7U/BAUq84TS3KHn6c0Hr9K64vhj83ZNLUziNx4pJoBumSPhOl5VjH+Z0uhi+eE8Uw==",
      "requires": {
        "d3-array": "^1.2.0",
        "d3-polygon": "^1.0.3",
        "earcut": "^2.1.1",
        "svg-path-properties": "^0.2.1",
        "svgpath": "^2.2.1",
        "topojson-client": "^3.0.0"
      }
    },
    "framesync": {
      "version": "4.0.1",
      "resolved": "https://registry.npmjs.org/framesync/-/framesync-4.0.1.tgz",
      "integrity": "sha512-7dF3SXz/xMdwSHFHgj8PV2dAUCFclXWhasAb06rFvAM2pX24m9eDs6X+ikK0kx92w/uIljUi0sBINwcbl0rT2Q==",
      "requires": {
        "hey-listen": "^1.0.5"
      }
    },
    "hey-listen": {
      "version": "1.0.5",
      "resolved": "https://registry.npmjs.org/hey-listen/-/hey-listen-1.0.5.tgz",
      "integrity": "sha512-O2iCNxBBGb4hOxL9tUdnoPwDYmZhQ29t5xKV74BVZNdvwCDXCpVYTJ4yoaibc1V0I8Yw3K3nwmvDpoyjnCqUaw=="
    },
    "lit-html": {
      "version": "0.11.4",
      "resolved": "https://registry.npmjs.org/lit-html/-/lit-html-0.11.4.tgz",
      "integrity": "sha512-yfJUxQrRjhYo4cdz3Db9YlkHs9v+rTZA4fvE/dqCOrA1Q2Bmx52X2OtEgGQ+JhyCb6ddDTndLijZjsSoQ44G7Q=="
    },
    "popmotion": {
      "version": "8.4.1",
      "resolved": "https://registry.npmjs.org/popmotion/-/popmotion-8.4.1.tgz",
      "integrity": "sha512-j25mAl6QlGN/ErGR7dBCCvxIKQ5pSxqEwieeqvacC3ZByXy98+UnOj+vaeVlZcr2Bjl5q03xHe1gKyr4ursL1A==",
      "requires": {
        "@popmotion/easing": "^1.0.1",
        "framesync": "^4.0.0",
        "hey-listen": "^1.0.5",
        "style-value-types": "^3.0.6",
        "stylefire": "^2.0.7",
        "tslib": "^1.9.1"
      }
    },
    "style-value-types": {
      "version": "3.0.7",
      "resolved": "https://registry.npmjs.org/style-value-types/-/style-value-types-3.0.7.tgz",
      "integrity": "sha512-7vzeicDiPNnJjvTYfJbQhZ7P3OCkXfvkJOJQ+ifFnXNTA/7KBxMZacHLvlRjM5/TtXbVdrZE6u+2nzSUSPrbSQ=="
    },
    "stylefire": {
      "version": "2.1.0",
      "resolved": "https://registry.npmjs.org/stylefire/-/stylefire-2.1.0.tgz",
      "integrity": "sha512-DeO5v4w4xwvSoatWkfD++tpPqoolSxZtmrL7mFwxHp70AXJuzvwDVlTkpaXwPXvfevXwiGXA224gOnIk2pLiRA==",
      "requires": {
        "framesync": "^4.0.0",
        "hey-listen": "^1.0.4",
        "style-value-types": "^3.0.6",
        "tslib": "^1.9.1"
      }
    },
    "svg-path-properties": {
      "version": "0.2.2",
      "resolved": "https://registry.npmjs.org/svg-path-properties/-/svg-path-properties-0.2.2.tgz",
      "integrity": "sha1-sHPYG+cpLq4OIzq4qD9Y3CcRMpY="
    },
    "svgpath": {
      "version": "2.2.1",
      "resolved": "https://registry.npmjs.org/svgpath/-/svgpath-2.2.1.tgz",
      "integrity": "sha1-CDS7Z8iadkcrK9BswQH6e1F7Iiw="
    },
    "topojson-client": {
      "version": "3.0.0",
      "resolved": "https://registry.npmjs.org/topojson-client/-/topojson-client-3.0.0.tgz",
      "integrity": "sha1-H5kpOnfvQqRI0DKoGqmCtz82DS8=",
      "requires": {
        "commander": "2"
      }
    },
    "tslib": {
      "version": "1.9.3",
      "resolved": "https://registry.npmjs.org/tslib/-/tslib-1.9.3.tgz",
      "integrity": "sha512-4krF8scpejhaOgqzBEcGM7yDIEfi0/8+8zDRZhNZZ2kjmHJ4hv3zCbQWxoJGz1iw5U0Jl0nma13xzHXcncMavQ=="
    }
  }
}
